[ "erlgit": {:git, "git://github.com/gleber/erlgit.git", "ffdeb1e260eb2c546e9cd366b954aeedf993d042", []},
  "erlsemver": {:git, "https://github.com/gleber/erlsemver.git", "6486563ce3c02a4d0b35463c66a9d4a3ed5ed404", [{:ref, "master"}]},
  "sh": {:git, "https://github.com/gleber/sh.git", "8387947617318f5b97c319eff9c2960939a91b5b", [{:ref, "master"}]} ]
